
Microsoft Visual Studio Solution File, Format Version 12.00
# Visual Studio Version 16
VisualStudioVersion = 16.0.30320.27
MinimumVisualStudioVersion = 10.0.40219.1
Project("{888888A0-9F3D-457C-B088-3A5042F75D52}") = "ColorDetection", "ColorDetection.pyproj", "{023DCE2F-4337-4202-BFEF-6654F89CB41B}"
EndProject
Global
	GlobalSection(SolutionConfigurationPlatforms) = preSolution
		Debug|Any CPU = Debug|Any CPU
		Release|Any CPU = Release|Any CPU
	EndGlobalSection
	GlobalSection(ProjectConfigurationPlatforms) = postSolution
		{023DCE2F-4337-4202-BFEF-6654F89CB41B}.Debug|Any CPU.ActiveCfg = Debug|Any CPU
		{023DCE2F-4337-4202-BFEF-6654F89CB41B}.Release|Any CPU.ActiveCfg = Release|Any CPU
	EndGlobalSection
	GlobalSection(SolutionProperties) = preSolution
		HideSolutionNode = FALSE
	EndGlobalSection
	GlobalSection(ExtensibilityGlobals) = postSolution
		SolutionGuid = {351E5054-ACFA-4FF6-BA1B-C961DC5AAE5A}
	EndGlobalSection
EndGlobal
